// !$*UTF8*$!
{
	archiveVersion = 1;
	classes = {
	};
	objectVersion = 56;
	objects = {

/* Begin PBXBuildFile section */
		1CCC66022DB9919D00C28691 /* AppDelegate.swift in Sources */ = {isa = PBXBuildFile; fileRef = 1CCC66012DB9919D00C28691 /* AppDelegate.swift */; };
		1CCC66042DB9919D00C28691 /* SceneDelegate.swift in Sources */ = {isa = PBXBuildFile; fileRef = 1CCC66032DB9919D00C28691 /* SceneDelegate.swift */; };
		1CCC66062DB9919D00C28691 /* ViewController.swift in Sources */ = {isa = PBXBuildFile; fileRef = 1CCC66052DB9919D00C28691 /* ViewController.swift */; };
		1CCC66092DB9919D00C28691 /* Main.storyboard in Resources */ = {isa = PBXBuildFile; fileRef = 1CCC66072DB9919D00C28691 /* Main.storyboard */; };
		1CCC660B2DB9919E00C28691 /* Assets.xcassets in Resources */ = {isa = PBXBuildFile; fileRef = 1CCC660A2DB9919E00C28691 /* Assets.xcassets */; };
		1CCC660E2DB9919E00C28691 /* LaunchScreen.storyboard in Resources */ = {isa = PBXBuildFile; fileRef = 1CCC660C2DB9919E00C28691 /* LaunchScreen.storyboard */; };
		1CCC66192DB9919E00C28691 /* practiceAppTests.swift in Sources */ = {isa = PBXBuildFile; fileRef = 1CCC66182DB9919E00C28691 /* practiceAppTests.swift */; };
		1CCC66232DB9919E00C28691 /* practiceAppUITests.swift in Sources */ = {isa = PBXBuildFile; fileRef = 1CCC66222DB9919E00C28691 /* practiceAppUITests.swift */; };
		1CCC66252DB9919E00C28691 /* practiceAppUITestsLaunchTests.swift in Sources */ = {isa = PBXBuildFile; fileRef = 1CCC66242DB9919E00C28691 /* practiceAppUITestsLaunchTests.swift */; };
/* End PBXBuildFile section */

/* Begin PBXContainerItemProxy section */
		1CCC66152DB9919E00C28691 /* PBXContainerItemProxy */ = {
			isa = PBXContainerItemProxy;
			containerPortal = 1CCC65F62DB9919D00C28691 /* Project object */;
			proxyType = 1;
			remoteGlobalIDString = 1CCC65FD2DB9919D00C28691;
			remoteInfo = practiceApp;
		};
		1CCC661F2DB9919E00C28691 /* PBXContainerItemProxy */ = {
			isa = PBXContainerItemProxy;
			containerPortal = 1CCC65F62DB9919D00C28691 /* Project object */;
			proxyType = 1;
			remoteGlobalIDString = 1CCC65FD2DB9919D00C28691;
			remoteInfo = practiceApp;
		};
/* End PBXContainerItemProxy section */

/* Begin PBXFileReference section */
		1CCC65FE2DB9919D00C28691 /* practiceApp.app */ = {isa = PBXFileReference; explicitFileType = wrapper.application; includeInIndex = 0; path = practiceApp.app; sourceTree = BUILT_PRODUCTS_DIR; };
		1CCC66012DB9919D00C28691 /* AppDelegate.swift */ = {isa = PBXFileReference; lastKnownFileType = sourcecode.swift; path = AppDelegate.swift; sourceTree = "<group>"; };
		1CCC66032DB9919D00C28691 /* SceneDelegate.swift */ = {isa = PBXFileReference; lastKnownFileType = sourcecode.swift; path = SceneDelegate.swift; sourceTree = "<group>"; };
		1CCC66052DB9919D00C28691 /* ViewController.swift */ = {isa = PBXFileReference; lastKnownFileType = sourcecode.swift; path = ViewController.swift; sourceTree = "<group>"; };
		1CCC66082DB9919D00C28691 /* Base */ = {isa = PBXFileReference; lastKnownFileType = file.storyboard; name = Base; path = Base.lproj/Main.storyboard; sourceTree = "<group>"; };
		1CCC660A2DB9919E00C28691 /* Assets.xcassets */ = {isa = PBXFileReference; lastKnownFileType = folder.assetcatalog; path = Assets.xcassets; sourceTree = "<group>"; };
		1CCC660D2DB9919E00C28691 /* Base */ = {isa = PBXFileReference; lastKnownFileType = file.storyboard; name = Base; path = Base.lproj/LaunchScreen.storyboard; sourceTree = "<group>"; };
		1CCC660F2DB9919E00C28691 /* Info.plist */ = {isa = PBXFileReference; lastKnownFileType = text.plist.xml; path = Info.plist; sourceTree = "<group>"; };
		1CCC66142DB9919E00C28691 /* practiceAppTests.xctest */ = {isa = PBXFileReference; explicitFileType = wrapper.cfbundle; includeInIndex = 0; path = practiceAppTests.xctest; sourceTree = BUILT_PRODUCTS_DIR; };
		1CCC66182DB9919E00C28691 /* practiceAppTests.swift */ = {isa = PBXFileReference; lastKnownFileType = sourcecode.swift; path = practiceAppTests.swift; sourceTree = "<group>"; };
		1CCC661E2DB9919E00C28691 /* practiceAppUITests.xctest */ = {isa = PBXFileReference; explicitFileType = wrapper.cfbundle; includeInIndex = 0; path = practiceAppUITests.xctest; sourceTree = BUILT_PRODUCTS_DIR; };
		1CCC66222DB9919E00C28691 /* practiceAppUITests.swift */ = {isa = PBXFileReference; lastKnownFileType = sourcecode.swift; path = practiceAppUITests.swift; sourceTree = "<group>"; };
		1CCC66242DB9919E00C28691 /* practiceAppUITestsLaunchTests.swift */ = {isa = PBXFileReference; lastKnownFileType = sourcecode.swift; path = practiceAppUITestsLaunchTests.swift; sourceTree = "<group>"; };
/* End PBXFileReference section */

/* Begin PBXFrameworksBuildPhase section */
		1CCC65FB2DB9919D00C28691 /* Frameworks */ = {
			isa = PBXFrameworksBuildPhase;
			buildActionMask = 2147483647;
			files = (
			);
			runOnlyForDeploymentPostprocessing = 0;
		};
		1CCC66112DB9919E00C28691 /* Frameworks */ = {
			isa = PBXFrameworksBuildPhase;
			buildActionMask = 2147483647;
			files = (
			);
			runOnlyForDeploymentPostprocessing = 0;
		};
		1CCC661B2DB9919E00C28691 /* Frameworks */ = {
			isa = PBXFrameworksBuildPhase;
			buildActionMask = 2147483647;
			files = (
			);
			runOnlyForDeploymentPostprocessing = 0;
		};
/* End PBXFrameworksBuildPhase section */

/* Begin PBXGroup section */
		1CCC65F52DB9919D00C28691 = {
			isa = PBXGroup;
			children = (
				1CCC66002DB9919D00C28691 /* practiceApp */,
				1CCC66172DB9919E00C28691 /* practiceAppTests */,
				1CCC66212DB9919E00C28691 /* practiceAppUITests */,
				1CCC65FF2DB9919D00C28691 /* Products */,
			);
			sourceTree = "<group>";
		};
		1CCC65FF2DB9919D00C28691 /* Products */ = {
			isa = PBXGroup;
			children = (
				1CCC65FE2DB9919D00C28691 /* practiceApp.app */,
				1CCC66142DB9919E00C28691 /* practiceAppTests.xctest */,
				1CCC661E2DB9919E00C28691 /* practiceAppUITests.xctest */,
			);
			name = Products;
			sourceTree = "<group>";
		};
		1CCC66002DB9919D00C28691 /* practiceApp */ = {
			isa = PBXGroup;
			children = (
				1CCC66012DB9919D00C28691 /* AppDelegate.swift */,
				1CCC66032DB9919D00C28691 /* SceneDelegate.swift */,
				1CCC66052DB9919D00C28691 /* ViewController.swift */,
				1CCC66072DB9919D00C28691 /* Main.storyboard */,
				1CCC660A2DB9919E00C28691 /* Assets.xcassets */,
				1CCC660C2DB9919E00C28691 /* LaunchScreen.storyboard */,
				1CCC660F2DB9919E00C28691 /* Info.plist */,
			);
			path = practiceApp;
			sourceTree = "<group>";
		};
		1CCC66172DB9919E00C28691 /* practiceAppTests */ = {
			isa = PBXGroup;
			children = (
				1CCC66182DB9919E00C28691 /* practiceAppTests.swift */,
			);
			path = practiceAppTests;
			sourceTree = "<group>";
		};
		1CCC66212DB9919E00C28691 /* practiceAppUITests */ = {
			isa = PBXGroup;
			children = (
				1CCC66222DB9919E00C28691 /* practiceAppUITests.swift */,
				1CCC66242DB9919E00C28691 /* practiceAppUITestsLaunchTests.swift */,
			);
			path = practiceAppUITests;
			sourceTree = "<group>";
		};
/* End PBXGroup section */

/* Begin PBXNativeTarget section */
		1CCC65FD2DB9919D00C28691 /* practiceApp */ = {
			isa = PBXNativeTarget;
			buildConfigurationList = 1CCC66282DB9919E00C28691 /* Build configuration list for PBXNativeTarget "practiceApp" */;
			buildPhases = (
				1CCC65FA2DB9919D00C28691 /* Sources */,
				1CCC65FB2DB9919D00C28691 /* Frameworks */,
				1CCC65FC2DB9919D00C28691 /* Resources */,
			);
			buildRules = (
			);
			dependencies = (
			);
			name = practiceApp;
			productName = practiceApp;
			productReference = 1CCC65FE2DB9919D00C28691 /* practiceApp.app */;
			productType = "com.apple.product-type.application";
		};
		1CCC66132DB9919E00C28691 /* practiceAppTests */ = {
			isa = PBXNativeTarget;
			buildConfigurationList = 1CCC662B2DB9919E00C28691 /* Build configuration list for PBXNativeTarget "practiceAppTests" */;
			buildPhases = (
				1CCC66102DB9919E00C28691 /* Sources */,
				1CCC66112DB9919E00C28691 /* Frameworks */,
				1CCC66122DB9919E00C28691 /* Resources */,
			);
			buildRules = (
			);
			dependencies = (
				1CCC66162DB9919E00C28691 /* PBXTargetDependency */,
			);
			name = practiceAppTests;
			productName = practiceAppTests;
			productReference = 1CCC66142DB9919E00C28691 /* practiceAppTests.xctest */;
			productType = "com.apple.product-type.bundle.unit-test";
		};
		1CCC661D2DB9919E00C28691 /* practiceAppUITests */ = {
			isa = PBXNativeTarget;
			buildConfigurationList = 1CCC662E2DB9919E00C28691 /* Build configuration list for PBXNativeTarget "practiceAppUITests" */;
			buildPhases = (
				1CCC661A2DB9919E00C28691 /* Sources */,
				1CCC661B2DB9919E00C28691 /* Frameworks */,
				1CCC661C2DB9919E00C28691 /* Resources */,
			);
			buildRules = (
			);
			dependencies = (
				1CCC66202DB9919E00C28691 /* PBXTargetDependency */,
			);
			name = practiceAppUITests;
			productName = practiceAppUITests;
			productReference = 1CCC661E2DB9919E00C28691 /* practiceAppUITests.xctest */;
			productType = "com.apple.product-type.bundle.ui-testing";
		};
/* End PBXNativeTarget section */

/* Begin PBXProject section */
		1CCC65F62DB9919D00C28691 /* Project object */ = {
			isa = PBXProject;
			attributes = {
				BuildIndependentTargetsInParallel = 1;
				LastSwiftUpdateCheck = 1420;
				LastUpgradeCheck = 1420;
				TargetAttributes = {
					1CCC65FD2DB9919D00C28691 = {
						CreatedOnToolsVersion = 14.2;
					};
					1CCC66132DB9919E00C28691 = {
						CreatedOnToolsVersion = 14.2;
						TestTargetID = 1CCC65FD2DB9919D00C28691;
					};
					1CCC661D2DB9919E00C28691 = {
						CreatedOnToolsVersion = 14.2;
						TestTargetID = 1CCC65FD2DB9919D00C28691;
					};
				};
			};
			buildConfigurationList = 1CCC65F92DB9919D00C28691 /* Build configuration list for PBXProject "practiceApp" */;
			compatibilityVersion = "Xcode 14.0";
			developmentRegion = en;
			hasScannedForEncodings = 0;
			knownRegions = (
				en,
				Base,
			);
			mainGroup = 1CCC65F52DB9919D00C28691;
			productRefGroup = 1CCC65FF2DB9919D00C28691 /* Products */;
			projectDirPath = "";
			projectRoot = "";
			targets = (
				1CCC65FD2DB9919D00C28691 /* practiceApp */,
				1CCC66132DB9919E00C28691 /* practiceAppTests */,
				1CCC661D2DB9919E00C28691 /* practiceAppUITests */,
			);
		};
/* End PBXProject section */

/* Begin PBXResourcesBuildPhase section */
		1CCC65FC2DB9919D00C28691 /* Resources */ = {
			isa = PBXResourcesBuildPhase;
			buildActionMask = 2147483647;
			files = (
				1CCC660E2DB9919E00C28691 /* LaunchScreen.storyboard in Resources */,
				1CCC660B2DB9919E00C28691 /* Assets.xcassets in Resources */,
				1CCC66092DB9919D00C28691 /* Main.storyboard in Resources */,
			);
			runOnlyForDeploymentPostprocessing = 0;
		};
		1CCC66122DB9919E00C28691 /* Resources */ = {
			isa = PBXResourcesBuildPhase;
			buildActionMask = 2147483647;
			files = (
			);
			runOnlyForDeploymentPostprocessing = 0;
		};
		1CCC661C2DB9919E00C28691 /* Resources */ = {
			isa = PBXResourcesBuildPhase;
			buildActionMask = 2147483647;
			files = (
			);
			runOnlyForDeploymentPostprocessing = 0;
		};
/* End PBXResourcesBuildPhase section */

/* Begin PBXSourcesBuildPhase section */
		1CCC65FA2DB9919D00C28691 /* Sources */ = {
			isa = PBXSourcesBuildPhase;
			buildActionMask = 2147483647;
			files = (
				1CCC66062DB9919D00C28691 /* ViewController.swift in Sources */,
				1CCC66022DB9919D00C28691 /* AppDelegate.swift in Sources */,
				1CCC66042DB9919D00C28691 /* SceneDelegate.swift in Sources */,
			);
			runOnlyForDeploymentPostprocessing = 0;
		};
		1CCC66102DB9919E00C28691 /* Sources */ = {
			isa = PBXSourcesBuildPhase;
			buildActionMask = 2147483647;
			files = (
				1CCC66192DB9919E00C28691 /* practiceAppTests.swift in Sources */,
			);
			runOnlyForDeploymentPostprocessing = 0;
		};
		1CCC661A2DB9919E00C28691 /* Sources */ = {
			isa = PBXSourcesBuildPhase;
			buildActionMask = 2147483647;
			files = (
				1CCC66232DB9919E00C28691 /* practiceAppUITests.swift in Sources */,
				1CCC66252DB9919E00C28691 /* practiceAppUITestsLaunchTests.swift in Sources */,
			);
			runOnlyForDeploymentPostprocessing = 0;
		};
/* End PBXSourcesBuildPhase section */

/* Begin PBXTargetDependency section */
		1CCC66162DB9919E00C28691 /* PBXTargetDependency */ = {
			isa = PBXTargetDependency;
			target = 1CCC65FD2DB9919D00C28691 /* practiceApp */;
			targetProxy = 1CCC66152DB9919E00C28691 /* PBXContainerItemProxy */;
		};
		1CCC66202DB9919E00C28691 /* PBXTargetDependency */ = {
			isa = PBXTargetDependency;
			target = 1CCC65FD2DB9919D00C28691 /* practiceApp */;
			targetProxy = 1CCC661F2DB9919E00C28691 /* PBXContainerItemProxy */;
		};
/* End PBXTargetDependency section */

/* Begin PBXVariantGroup section */
		1CCC66072DB9919D00C28691 /* Main.storyboard */ = {
			isa = PBXVariantGroup;
			children = (
				1CCC66082DB9919D00C28691 /* Base */,
			);
			name = Main.storyboard;
			sourceTree = "<group>";
		};
		1CCC660C2DB9919E00C28691 /* LaunchScreen.storyboard */ = {
			isa = PBXVariantGroup;
			children = (
				1CCC660D2DB9919E00C28691 /* Base */,
			);
			name = LaunchScreen.storyboard;
			sourceTree = "<group>";
		};
/* End PBXVariantGroup section */

/* Begin XCBuildConfiguration section */
		1CCC66262DB9919E00C28691 /* Debug */ = {
			isa = XCBuildConfiguration;
			buildSettings = {
				ALWAYS_SEARCH_USER_PATHS = NO;
				CLANG_ANALYZER_NONNULL = YES;
				CLANG_ANALYZER_NUMBER_OBJECT_CONVERSION = YES_AGGRESSIVE;
				CLANG_CXX_LANGUAGE_STANDARD = "gnu++20";
				CLANG_ENABLE_MODULES = YES;
				CLANG_ENABLE_OBJC_ARC = YES;
				CLANG_ENABLE_OBJC_WEAK = YES;
				CLANG_WARN_BLOCK_CAPTURE_AUTORELEASING = YES;
				CLANG_WARN_BOOL_CONVERSION = YES;
				CLANG_WARN_COMMA = YES;
				CLANG_WARN_CONSTANT_CONVERSION = YES;
				CLANG_WARN_DEPRECATED_OBJC_IMPLEMENTATIONS = YES;
				CLANG_WARN_DIRECT_OBJC_ISA_USAGE = YES_ERROR;
				CLANG_WARN_DOCUMENTATION_COMMENTS = YES;
				CLANG_WARN_EMPTY_BODY = YES;
				CLANG_WARN_ENUM_CONVERSION = YES;
				CLANG_WARN_INFINITE_RECURSION = YES;
				CLANG_WARN_INT_CONVERSION = YES;
				CLANG_WARN_NON_LITERAL_NULL_CONVERSION = YES;
				CLANG_WARN_OBJC_IMPLICIT_RETAIN_SELF = YES;
				CLANG_WARN_OBJC_LITERAL_CONVERSION = YES;
				CLANG_WARN_OBJC_ROOT_CLASS = YES_ERROR;
				CLANG_WARN_QUOTED_INCLUDE_IN_FRAMEWORK_HEADER = YES;
				CLANG_WARN_RANGE_LOOP_ANALYSIS = YES;
				CLANG_WARN_STRICT_PROTOTYPES = YES;
				CLANG_WARN_SUSPICIOUS_MOVE = YES;
				CLANG_WARN_UNGUARDED_AVAILABILITY = YES_AGGRESSIVE;
				CLANG_WARN_UNREACHABLE_CODE = YES;
				CLANG_WARN__DUPLICATE_METHOD_MATCH = YES;
				COPY_PHASE_STRIP = NO;
				DEBUG_INFORMATION_FORMAT = dwarf;
				ENABLE_STRICT_OBJC_MSGSEND = YES;
				ENABLE_TESTABILITY = YES;
				GCC_C_LANGUAGE_STANDARD = gnu11;
				GCC_DYNAMIC_NO_PIC = NO;
				GCC_NO_COMMON_BLOCKS = YES;
				GCC_OPTIMIZATION_LEVEL = 0;
				GCC_PREPROCESSOR_DEFINITIONS = (
					"DEBUG=1",
					"$(inherited)",
				);
				GCC_WARN_64_TO_32_BIT_CONVERSION = YES;
				GCC_WARN_ABOUT_RETURN_TYPE = YES_ERROR;
				GCC_WARN_UNDECLARED_SELECTOR = YES;
				GCC_WARN_UNINITIALIZED_AUTOS = YES_AGGRESSIVE;
				GCC_WARN_UNUSED_FUNCTION = YES;
				GCC_WARN_UNUSED_VARIABLE = YES;
				IPHONEOS_DEPLOYMENT_TARGET = 16.2;
				MTL_ENABLE_DEBUG_INFO = INCLUDE_SOURCE;
				MTL_FAST_MATH = YES;
				ONLY_ACTIVE_ARCH = YES;
				SDKROOT = iphoneos;
				SWIFT_ACTIVE_COMPILATION_CONDITIONS = DEBUG;
				SWIFT_OPTIMIZATION_LEVEL = "-Onone";
			};
			name = Debug;
		};
		1CCC66272DB9919E00C28691 /* Release */ = {
			isa = XCBuildConfiguration;
			buildSettings = {
				ALWAYS_SEARCH_USER_PATHS = NO;
				CLANG_ANALYZER_NONNULL = YES;
				CLANG_ANALYZER_NUMBER_OBJECT_CONVERSION = YES_AGGRESSIVE;
				CLANG_CXX_LANGUAGE_STANDARD = "gnu++20";
				CLANG_ENABLE_MODULES = YES;
				CLANG_ENABLE_OBJC_ARC = YES;
				CLANG_ENABLE_OBJC_WEAK = YES;
				CLANG_WARN_BLOCK_CAPTURE_AUTORELEASING = YES;
				CLANG_WARN_BOOL_CONVERSION = YES;
				CLANG_WARN_COMMA = YES;
				CLANG_WARN_CONSTANT_CONVERSION = YES;
				CLANG_WARN_DEPRECATED_OBJC_IMPLEMENTATIONS = YES;
				CLANG_WARN_DIRECT_OBJC_ISA_USAGE = YES_ERROR;
				CLANG_WARN_DOCUMENTATION_COMMENTS = YES;
				CLANG_WARN_EMPTY_BODY = YES;
				CLANG_WARN_ENUM_CONVERSION = YES;
				CLANG_WARN_INFINITE_RECURSION = YES;
				CLANG_WARN_INT_CONVERSION = YES;
				CLANG_WARN_NON_LITERAL_NULL_CONVERSION = YES;
				CLANG_WARN_OBJC_IMPLICIT_RETAIN_SELF = YES;
				CLANG_WARN_OBJC_LITERAL_CONVERSION = YES;
				CLANG_WARN_OBJC_ROOT_CLASS = YES_ERROR;
				CLANG_WARN_QUOTED_INCLUDE_IN_FRAMEWORK_HEADER = YES;
				CLANG_WARN_RANGE_LOOP_ANALYSIS = YES;
				CLANG_WARN_STRICT_PROTOTYPES = YES;
				CLANG_WARN_SUSPICIOUS_MOVE = YES;
				CLANG_WARN_UNGUARDED_AVAILABILITY = YES_AGGRESSIVE;
				CLANG_WARN_UNREACHABLE_CODE = YES;
				CLANG_WARN__DUPLICATE_METHOD_MATCH = YES;
				COPY_PHASE_STRIP = NO;
				DEBUG_INFORMATION_FORMAT = "dwarf-with-dsym";
				ENABLE_NS_ASSERTIONS = NO;
				ENABLE_STRICT_OBJC_MSGSEND = YES;
				GCC_C_LANGUAGE_STANDARD = gnu11;
				GCC_NO_COMMON_BLOCKS = YES;
				GCC_WARN_64_TO_32_BIT_CONVERSION = YES;
				GCC_WARN_ABOUT_RETURN_TYPE = YES_ERROR;
				GCC_WARN_UNDECLARED_SELECTOR = YES;
				GCC_WARN_UNINITIALIZED_AUTOS = YES_AGGRESSIVE;
				GCC_WARN_UNUSED_FUNCTION = YES;
				GCC_WARN_UNUSED_VARIABLE = YES;
				IPHONEOS_DEPLOYMENT_TARGET = 16.2;
				MTL_ENABLE_DEBUG_INFO = NO;
				MTL_FAST_MATH = YES;
				SDKROOT = iphoneos;
				SWIFT_COMPILATION_MODE = wholemodule;
				SWIFT_OPTIMIZATION_LEVEL = "-O";
				VALIDATE_PRODUCT = YES;
			};
			name = Release;
		};
		1CCC66292DB9919E00C28691 /* Debug */ = {
			isa = XCBuildConfiguration;
			buildSettings = {
				ASSETCATALOG_COMPILER_APPICON_NAME = AppIcon;
				ASSETCATALOG_COMPILER_GLOBAL_ACCENT_COLOR_NAME = AccentColor;
				CODE_SIGN_STYLE = Automatic;
				CURRENT_PROJECT_VERSION = 1;
				GENERATE_INFOPLIST_FILE = YES;
				INFOPLIST_FILE = practiceApp/Info.plist;
				INFOPLIST_KEY_UIApplicationSupportsIndirectInputEvents = YES;
				INFOPLIST_KEY_UILaunchStoryboardName = LaunchScreen;
				INFOPLIST_KEY_UIMainStoryboardFile = Main;
				INFOPLIST_KEY_UISupportedInterfaceOrientations_iPad = "UIInterfaceOrientationPortrait UIInterfaceOrientationPortraitUpsideDown UIInterfaceOrientationLandscapeLeft UIInterfaceOrientationLandscapeRight";
				INFOPLIST_KEY_UISupportedInterfaceOrientations_iPhone = "UIInterfaceOrientationPortrait UIInterfaceOrientationLandscapeLeft UIInterfaceOrientationLandscapeRight";
				LD_RUNPATH_SEARCH_PATHS = (
					"$(inherited)",
					"@executable_path/Frameworks",
				);
				MARKETING_VERSION = 1.0;
				PRODUCT_BUNDLE_IDENTIFIER = NotSure.practiceApp;
				PRODUCT_NAME = "$(TARGET_NAME)";
				SWIFT_EMIT_LOC_STRINGS = YES;
				SWIFT_VERSION = 5.0;
				TARGETED_DEVICE_FAMILY = "1,2";
			};
			name = Debug;
		};
		1CCC662A2DB9919E00C28691 /* Release */ = {
			isa = XCBuildConfiguration;
			buildSettings = {
				ASSETCATALOG_COMPILER_APPICON_NAME = AppIcon;
				ASSETCATALOG_COMPILER_GLOBAL_ACCENT_COLOR_NAME = AccentColor;
				CODE_SIGN_STYLE = Automatic;
				CURRENT_PROJECT_VERSION = 1;
				GENERATE_INFOPLIST_FILE = YES;
				INFOPLIST_FILE = practiceApp/Info.plist;
				INFOPLIST_KEY_UIApplicationSupportsIndirectInputEvents = YES;
				INFOPLIST_KEY_UILaunchStoryboardName = LaunchScreen;
				INFOPLIST_KEY_UIMainStoryboardFile = Main;
				INFOPLIST_KEY_UISupportedInterfaceOrientations_iPad = "UIInterfaceOrientationPortrait UIInterfaceOrientationPortraitUpsideDown UIInterfaceOrientationLandscapeLeft UIInterfaceOrientationLandscapeRight";
				INFOPLIST_KEY_UISupportedInterfaceOrientations_iPhone = "UIInterfaceOrientationPortrait UIInterfaceOrientationLandscapeLeft UIInterfaceOrientationLandscapeRight";
				LD_RUNPATH_SEARCH_PATHS = (
					"$(inherited)",
					"@executable_path/Frameworks",
				);
				MARKETING_VERSION = 1.0;
				PRODUCT_BUNDLE_IDENTIFIER = NotSure.practiceApp;
				PRODUCT_NAME = "$(TARGET_NAME)";
				SWIFT_EMIT_LOC_STRINGS = YES;
				SWIFT_VERSION = 5.0;
				TARGETED_DEVICE_FAMILY = "1,2";
			};
			name = Release;
		};
		1CCC662C2DB9919E00C28691 /* Debug */ = {
			isa = XCBuildConfiguration;
			buildSettings = {
				ALWAYS_EMBED_SWIFT_STANDARD_LIBRARIES = YES;
				BUNDLE_LOADER = "$(TEST_HOST)";
				CODE_SIGN_STYLE = Automatic;
				CURRENT_PROJECT_VERSION = 1;
				GENERATE_INFOPLIST_FILE = YES;
				IPHONEOS_DEPLOYMENT_TARGET = 16.2;
				MARKETING_VERSION = 1.0;
				PRODUCT_BUNDLE_IDENTIFIER = NotSure.practiceAppTests;
				PRODUCT_NAME = "$(TARGET_NAME)";
				SWIFT_EMIT_LOC_STRINGS = NO;
				SWIFT_VERSION = 5.0;
				TARGETED_DEVICE_FAMILY = "1,2";
				TEST_HOST = "$(BUILT_PRODUCTS_DIR)/practiceApp.app/$(BUNDLE_EXECUTABLE_FOLDER_PATH)/practiceApp";
			};
			name = Debug;
		};
		1CCC662D2DB9919E00C28691 /* Release */ = {
			isa = XCBuildConfiguration;
			buildSettings = {
				ALWAYS_EMBED_SWIFT_STANDARD_LIBRARIES = YES;
				BUNDLE_LOADER = "$(TEST_HOST)";
				CODE_SIGN_STYLE = Automatic;
				CURRENT_PROJECT_VERSION = 1;
				GENERATE_INFOPLIST_FILE = YES;
				IPHONEOS_DEPLOYMENT_TARGET = 16.2;
				MARKETING_VERSION = 1.0;
				PRODUCT_BUNDLE_IDENTIFIER = NotSure.practiceAppTests;
				PRODUCT_NAME = "$(TARGET_NAME)";
				SWIFT_EMIT_LOC_STRINGS = NO;
				SWIFT_VERSION = 5.0;
				TARGETED_DEVICE_FAMILY = "1,2";
				TEST_HOST = "$(BUILT_PRODUCTS_DIR)/practiceApp.app/$(BUNDLE_EXECUTABLE_FOLDER_PATH)/practiceApp";
			};
			name = Release;
		};
		1CCC662F2DB9919E00C28691 /* Debug */ = {
			isa = XCBuildConfiguration;
			buildSettings = {
				ALWAYS_EMBED_SWIFT_STANDARD_LIBRARIES = YES;
				CODE_SIGN_STYLE = Automatic;
				CURRENT_PROJECT_VERSION = 1;
				GENERATE_INFOPLIST_FILE = YES;
				MARKETING_VERSION = 1.0;
				PRODUCT_BUNDLE_IDENTIFIER = NotSure.practiceAppUITests;
				PRODUCT_NAME = "$(TARGET_NAME)";
				SWIFT_EMIT_LOC_STRINGS = NO;
				SWIFT_VERSION = 5.0;
				TARGETED_DEVICE_FAMILY = "1,2";
				TEST_TARGET_NAME = practiceApp;
			};
			name = Debug;
		};
		1CCC66302DB9919E00C28691 /* Release */ = {
			isa = XCBuildConfiguration;
			buildSettings = {
				ALWAYS_EMBED_SWIFT_STANDARD_LIBRARIES = YES;
				CODE_SIGN_STYLE = Automatic;
				CURRENT_PROJECT_VERSION = 1;
				GENERATE_INFOPLIST_FILE = YES;
				MARKETING_VERSION = 1.0;
				PRODUCT_BUNDLE_IDENTIFIER = NotSure.practiceAppUITests;
				PRODUCT_NAME = "$(TARGET_NAME)";
				SWIFT_EMIT_LOC_STRINGS = NO;
				SWIFT_VERSION = 5.0;
				TARGETED_DEVICE_FAMILY = "1,2";
				TEST_TARGET_NAME = practiceApp;
			};
			name = Release;
		};
/* End XCBuildConfiguration section */

/* Begin XCConfigurationList section */
		1CCC65F92DB9919D00C28691 /* Build configuration list for PBXProject "practiceApp" */ = {
			isa = XCConfigurationList;
			buildConfigurations = (
				1CCC66262DB9919E00C28691 /* Debug */,
				1CCC66272DB9919E00C28691 /* Release */,
			);
			defaultConfigurationIsVisible = 0;
			defaultConfigurationName = Release;
		};
		1CCC66282DB9919E00C28691 /* Build configuration list for PBXNativeTarget "practiceApp" */ = {
			isa = XCConfigurationList;
			buildConfigurations = (
				1CCC66292DB9919E00C28691 /* Debug */,
				1CCC662A2DB9919E00C28691 /* Release */,
			);
			defaultConfigurationIsVisible = 0;
			defaultConfigurationName = Release;
		};
		1CCC662B2DB9919E00C28691 /* Build configuration list for PBXNativeTarget "practiceAppTests" */ = {
			isa = XCConfigurationList;
			buildConfigurations = (
				1CCC662C2DB9919E00C28691 /* Debug */,
				1CCC662D2DB9919E00C28691 /* Release */,
			);
			defaultConfigurationIsVisible = 0;
			defaultConfigurationName = Release;
		};
		1CCC662E2DB9919E00C28691 /* Build configuration list for PBXNativeTarget "practiceAppUITests" */ = {
			isa = XCConfigurationList;
			buildConfigurations = (
				1CCC662F2DB9919E00C28691 /* Debug */,
				1CCC66302DB9919E00C28691 /* Release */,
			);
			defaultConfigurationIsVisible = 0;
			defaultConfigurationName = Release;
		};
/* End XCConfigurationList section */
	};
	rootObject = 1CCC65F62DB9919D00C28691 /* Project object */;
}
